
Microsoft Visual Studio Solution File, Format Version 12.00
# Visual Studio Version 17
VisualStudioVersion = 17.14.36518.9
MinimumVisualStudioVersion = 10.0.40219.1
Project("{2150E333-8FDC-42A3-9474-1A3956D46DE8}") = "src", "src", "{02EA681E-C7D8-13C7-8484-4AC65E1B71E8}"
EndProject
Project("{2150E333-8FDC-42A3-9474-1A3956D46DE8}") = "tests", "tests", "{64AF2DB3-3F78-43A5-9D7F-A8C23E29CF83}"
EndProject
Project("{FAE04EC0-301F-11D3-BF4B-00C04F79EFBC}") = "CashFlow.API", "src\CashFlow.API\CashFlow.API.csproj", "{ABCEB767-9A73-4EDF-BB7E-0C7025061EE6}"
EndProject
Project("{FAE04EC0-301F-11D3-BF4B-00C04F79EFBC}") = "CashFlow.Domain", "src\CashFlow.Domain\CashFlow.Domain.csproj", "{82875490-4510-46B2-A5C1-61618A71F457}"
EndProject
Project("{FAE04EC0-301F-11D3-BF4B-00C04F79EFBC}") = "CashFlow.Application", "src\CashFlow.Application\CashFlow.Application.csproj", "{44EF38FA-F2C9-4D52-8212-D4F75382B11A}"
EndProject
Project("{FAE04EC0-301F-11D3-BF4B-00C04F79EFBC}") = "CashFlow.Communication", "src\CashFlow.Communication\CashFlow.Communication.csproj", "{CDDA475F-A357-4BCE-9DAF-6C1F8B91B5EF}"
EndProject
Project("{FAE04EC0-301F-11D3-BF4B-00C04F79EFBC}") = "CashFlow.Infrastructure", "src\CashFlow.Infrastructure\CashFlow.Infrastructure.csproj", "{3B0F694F-2374-4A9F-8749-F25C42FB7F1C}"
EndProject
Project("{FAE04EC0-301F-11D3-BF4B-00C04F79EFBC}") = "CashFlow.Exception", "src\CashFlow.Exception\CashFlow.Exception.csproj", "{22248025-31B1-4EA4-ADD0-FD217CCF3846}"
EndProject
Project("{FAE04EC0-301F-11D3-BF4B-00C04F79EFBC}") = "Validator.Tests", "tests\Validator.Tests\Validator.Tests.csproj", "{7CF2FFDE-51CC-4E76-9178-CC38B4A56004}"
EndProject
Project("{FAE04EC0-301F-11D3-BF4B-00C04F79EFBC}") = "CommonTestUtilities", "tests\CommonTestUtilities\CommonTestUtilities.csproj", "{D2C5E525-D72B-4A0E-9860-4F5D4EE6F97D}"
EndProject
Global
	GlobalSection(SolutionConfigurationPlatforms) = preSolution
		Debug|Any CPU = Debug|Any CPU
		Release|Any CPU = Release|Any CPU
	EndGlobalSection
	GlobalSection(ProjectConfigurationPlatforms) = postSolution
		{ABCEB767-9A73-4EDF-BB7E-0C7025061EE6}.Debug|Any CPU.ActiveCfg = Debug|Any CPU
		{ABCEB767-9A73-4EDF-BB7E-0C7025061EE6}.Debug|Any CPU.Build.0 = Debug|Any CPU
		{ABCEB767-9A73-4EDF-BB7E-0C7025061EE6}.Release|Any CPU.ActiveCfg = Release|Any CPU
		{ABCEB767-9A73-4EDF-BB7E-0C7025061EE6}.Release|Any CPU.Build.0 = Release|Any CPU
		{82875490-4510-46B2-A5C1-61618A71F457}.Debug|Any CPU.ActiveCfg = Debug|Any CPU
		{82875490-4510-46B2-A5C1-61618A71F457}.Debug|Any CPU.Build.0 = Debug|Any CPU
		{82875490-4510-46B2-A5C1-61618A71F457}.Release|Any CPU.ActiveCfg = Release|Any CPU
		{82875490-4510-46B2-A5C1-61618A71F457}.Release|Any CPU.Build.0 = Release|Any CPU
		{44EF38FA-F2C9-4D52-8212-D4F75382B11A}.Debug|Any CPU.ActiveCfg = Debug|Any CPU
		{44EF38FA-F2C9-4D52-8212-D4F75382B11A}.Debug|Any CPU.Build.0 = Debug|Any CPU
		{44EF38FA-F2C9-4D52-8212-D4F75382B11A}.Release|Any CPU.ActiveCfg = Release|Any CPU
		{44EF38FA-F2C9-4D52-8212-D4F75382B11A}.Release|Any CPU.Build.0 = Release|Any CPU
		{CDDA475F-A357-4BCE-9DAF-6C1F8B91B5EF}.Debug|Any CPU.ActiveCfg = Debug|Any CPU
		{CDDA475F-A357-4BCE-9DAF-6C1F8B91B5EF}.Debug|Any CPU.Build.0 = Debug|Any CPU
		{CDDA475F-A357-4BCE-9DAF-6C1F8B91B5EF}.Release|Any CPU.ActiveCfg = Release|Any CPU
		{CDDA475F-A357-4BCE-9DAF-6C1F8B91B5EF}.Release|Any CPU.Build.0 = Release|Any CPU
		{3B0F694F-2374-4A9F-8749-F25C42FB7F1C}.Debug|Any CPU.ActiveCfg = Debug|Any CPU
		{3B0F694F-2374-4A9F-8749-F25C42FB7F1C}.Debug|Any CPU.Build.0 = Debug|Any CPU
		{3B0F694F-2374-4A9F-8749-F25C42FB7F1C}.Release|Any CPU.ActiveCfg = Release|Any CPU
		{3B0F694F-2374-4A9F-8749-F25C42FB7F1C}.Release|Any CPU.Build.0 = Release|Any CPU
		{22248025-31B1-4EA4-ADD0-FD217CCF3846}.Debug|Any CPU.ActiveCfg = Debug|Any CPU
		{22248025-31B1-4EA4-ADD0-FD217CCF3846}.Debug|Any CPU.Build.0 = Debug|Any CPU
		{22248025-31B1-4EA4-ADD0-FD217CCF3846}.Release|Any CPU.ActiveCfg = Release|Any CPU
		{22248025-31B1-4EA4-ADD0-FD217CCF3846}.Release|Any CPU.Build.0 = Release|Any CPU
		{7CF2FFDE-51CC-4E76-9178-CC38B4A56004}.Debug|Any CPU.ActiveCfg = Debug|Any CPU
		{7CF2FFDE-51CC-4E76-9178-CC38B4A56004}.Debug|Any CPU.Build.0 = Debug|Any CPU
		{7CF2FFDE-51CC-4E76-9178-CC38B4A56004}.Release|Any CPU.ActiveCfg = Release|Any CPU
		{7CF2FFDE-51CC-4E76-9178-CC38B4A56004}.Release|Any CPU.Build.0 = Release|Any CPU
		{D2C5E525-D72B-4A0E-9860-4F5D4EE6F97D}.Debug|Any CPU.ActiveCfg = Debug|Any CPU
		{D2C5E525-D72B-4A0E-9860-4F5D4EE6F97D}.Debug|Any CPU.Build.0 = Debug|Any CPU
		{D2C5E525-D72B-4A0E-9860-4F5D4EE6F97D}.Release|Any CPU.ActiveCfg = Release|Any CPU
		{D2C5E525-D72B-4A0E-9860-4F5D4EE6F97D}.Release|Any CPU.Build.0 = Release|Any CPU
	EndGlobalSection
	GlobalSection(SolutionProperties) = preSolution
		HideSolutionNode = FALSE
	EndGlobalSection
	GlobalSection(NestedProjects) = preSolution
		{ABCEB767-9A73-4EDF-BB7E-0C7025061EE6} = {02EA681E-C7D8-13C7-8484-4AC65E1B71E8}
		{82875490-4510-46B2-A5C1-61618A71F457} = {02EA681E-C7D8-13C7-8484-4AC65E1B71E8}
		{44EF38FA-F2C9-4D52-8212-D4F75382B11A} = {02EA681E-C7D8-13C7-8484-4AC65E1B71E8}
		{CDDA475F-A357-4BCE-9DAF-6C1F8B91B5EF} = {02EA681E-C7D8-13C7-8484-4AC65E1B71E8}
		{3B0F694F-2374-4A9F-8749-F25C42FB7F1C} = {02EA681E-C7D8-13C7-8484-4AC65E1B71E8}
		{22248025-31B1-4EA4-ADD0-FD217CCF3846} = {02EA681E-C7D8-13C7-8484-4AC65E1B71E8}
		{7CF2FFDE-51CC-4E76-9178-CC38B4A56004} = {64AF2DB3-3F78-43A5-9D7F-A8C23E29CF83}
		{D2C5E525-D72B-4A0E-9860-4F5D4EE6F97D} = {64AF2DB3-3F78-43A5-9D7F-A8C23E29CF83}
	EndGlobalSection
	GlobalSection(ExtensibilityGlobals) = postSolution
		SolutionGuid = {4468A67D-21E0-469E-96DC-9F92F977AE03}
	EndGlobalSection
EndGlobal
